// !$*UTF8*$!
{
	archiveVersion = 1;
	classes = {
	};
	objectVersion = 56;
	objects = {

/* Begin PBXBuildFile section */
		256E03E12C1F05410018B3E7 /* AppDelegate.m in Sources */ = {isa = PBXBuildFile; fileRef = 256E03E02C1F05410018B3E7 /* AppDelegate.m */; };
		256E03E32C1F05420018B3E7 /* Assets.xcassets in Resources */ = {isa = PBXBuildFile; fileRef = 256E03E22C1F05420018B3E7 /* Assets.xcassets */; };
		256E03E62C1F05420018B3E7 /* Base in Resources */ = {isa = PBXBuildFile; fileRef = 256E03E52C1F05420018B3E7 /* Base */; };
		256E03E82C1F05420018B3E7 /* main.m in Sources */ = {isa = PBXBuildFile; fileRef = 256E03E72C1F05420018B3E7 /* main.m */; };
		256E03F32C1F05420018B3E7 /* FilteredTextFieldTests.m in Sources */ = {isa = PBXBuildFile; fileRef = 256E03F22C1F05420018B3E7 /* FilteredTextFieldTests.m */; };
		256E03FD2C1F05420018B3E7 /* FilteredTextFieldUITests.m in Sources */ = {isa = PBXBuildFile; fileRef = 256E03FC2C1F05420018B3E7 /* FilteredTextFieldUITests.m */; };
		256E03FF2C1F05420018B3E7 /* FilteredTextFieldUITestsLaunchTests.m in Sources */ = {isa = PBXBuildFile; fileRef = 256E03FE2C1F05420018B3E7 /* FilteredTextFieldUITestsLaunchTests.m */; };
		256E040D2C1F05850018B3E7 /* FilteredTextField.m in Sources */ = {isa = PBXBuildFile; fileRef = 256E040C2C1F05850018B3E7 /* FilteredTextField.m */; };
/* End PBXBuildFile section */

/* Begin PBXContainerItemProxy section */
		256E03EF2C1F05420018B3E7 /* PBXContainerItemProxy */ = {
			isa = PBXContainerItemProxy;
			containerPortal = 256E03D42C1F05410018B3E7 /* Project object */;
			proxyType = 1;
			remoteGlobalIDString = 256E03DB2C1F05410018B3E7;
			remoteInfo = FilteredTextField;
		};
		256E03F92C1F05420018B3E7 /* PBXContainerItemProxy */ = {
			isa = PBXContainerItemProxy;
			containerPortal = 256E03D42C1F05410018B3E7 /* Project object */;
			proxyType = 1;
			remoteGlobalIDString = 256E03DB2C1F05410018B3E7;
			remoteInfo = FilteredTextField;
		};
/* End PBXContainerItemProxy section */

/* Begin PBXFileReference section */
		256E03DC2C1F05410018B3E7 /* FilteredTextField.app */ = {isa = PBXFileReference; explicitFileType = wrapper.application; includeInIndex = 0; path = FilteredTextField.app; sourceTree = BUILT_PRODUCTS_DIR; };
		256E03DF2C1F05410018B3E7 /* AppDelegate.h */ = {isa = PBXFileReference; lastKnownFileType = sourcecode.c.h; path = AppDelegate.h; sourceTree = "<group>"; };
		256E03E02C1F05410018B3E7 /* AppDelegate.m */ = {isa = PBXFileReference; lastKnownFileType = sourcecode.c.objc; path = AppDelegate.m; sourceTree = "<group>"; };
		256E03E22C1F05420018B3E7 /* Assets.xcassets */ = {isa = PBXFileReference; lastKnownFileType = folder.assetcatalog; path = Assets.xcassets; sourceTree = "<group>"; };
		256E03E52C1F05420018B3E7 /* Base */ = {isa = PBXFileReference; lastKnownFileType = file.xib; name = Base; path = Base.lproj/MainMenu.xib; sourceTree = "<group>"; };
		256E03E72C1F05420018B3E7 /* main.m */ = {isa = PBXFileReference; lastKnownFileType = sourcecode.c.objc; path = main.m; sourceTree = "<group>"; };
		256E03E92C1F05420018B3E7 /* FilteredTextField.entitlements */ = {isa = PBXFileReference; lastKnownFileType = text.plist.entitlements; path = FilteredTextField.entitlements; sourceTree = "<group>"; };
		256E03EE2C1F05420018B3E7 /* FilteredTextFieldTests.xctest */ = {isa = PBXFileReference; explicitFileType = wrapper.cfbundle; includeInIndex = 0; path = FilteredTextFieldTests.xctest; sourceTree = BUILT_PRODUCTS_DIR; };
		256E03F22C1F05420018B3E7 /* FilteredTextFieldTests.m */ = {isa = PBXFileReference; lastKnownFileType = sourcecode.c.objc; path = FilteredTextFieldTests.m; sourceTree = "<group>"; };
		256E03F82C1F05420018B3E7 /* FilteredTextFieldUITests.xctest */ = {isa = PBXFileReference; explicitFileType = wrapper.cfbundle; includeInIndex = 0; path = FilteredTextFieldUITests.xctest; sourceTree = BUILT_PRODUCTS_DIR; };
		256E03FC2C1F05420018B3E7 /* FilteredTextFieldUITests.m */ = {isa = PBXFileReference; lastKnownFileType = sourcecode.c.objc; path = FilteredTextFieldUITests.m; sourceTree = "<group>"; };
		256E03FE2C1F05420018B3E7 /* FilteredTextFieldUITestsLaunchTests.m */ = {isa = PBXFileReference; lastKnownFileType = sourcecode.c.objc; path = FilteredTextFieldUITestsLaunchTests.m; sourceTree = "<group>"; };
		256E040B2C1F05850018B3E7 /* FilteredTextField.h */ = {isa = PBXFileReference; lastKnownFileType = sourcecode.c.h; path = FilteredTextField.h; sourceTree = "<group>"; };
		256E040C2C1F05850018B3E7 /* FilteredTextField.m */ = {isa = PBXFileReference; lastKnownFileType = sourcecode.c.objc; path = FilteredTextField.m; sourceTree = "<group>"; };
/* End PBXFileReference section */

/* Begin PBXFrameworksBuildPhase section */
		256E03D92C1F05410018B3E7 /* Frameworks */ = {
			isa = PBXFrameworksBuildPhase;
			buildActionMask = 2147483647;
			files = (
			);
			runOnlyForDeploymentPostprocessing = 0;
		};
		256E03EB2C1F05420018B3E7 /* Frameworks */ = {
			isa = PBXFrameworksBuildPhase;
			buildActionMask = 2147483647;
			files = (
			);
			runOnlyForDeploymentPostprocessing = 0;
		};
		256E03F52C1F05420018B3E7 /* Frameworks */ = {
			isa = PBXFrameworksBuildPhase;
			buildActionMask = 2147483647;
			files = (
			);
			runOnlyForDeploymentPostprocessing = 0;
		};
/* End PBXFrameworksBuildPhase section */

/* Begin PBXGroup section */
		256E03D32C1F05410018B3E7 = {
			isa = PBXGroup;
			children = (
				256E03DE2C1F05410018B3E7 /* FilteredTextField */,
				256E03F12C1F05420018B3E7 /* FilteredTextFieldTests */,
				256E03FB2C1F05420018B3E7 /* FilteredTextFieldUITests */,
				256E03DD2C1F05410018B3E7 /* Products */,
			);
			sourceTree = "<group>";
		};
		256E03DD2C1F05410018B3E7 /* Products */ = {
			isa = PBXGroup;
			children = (
				256E03DC2C1F05410018B3E7 /* FilteredTextField.app */,
				256E03EE2C1F05420018B3E7 /* FilteredTextFieldTests.xctest */,
				256E03F82C1F05420018B3E7 /* FilteredTextFieldUITests.xctest */,
			);
			name = Products;
			sourceTree = "<group>";
		};
		256E03DE2C1F05410018B3E7 /* FilteredTextField */ = {
			isa = PBXGroup;
			children = (
				256E03DF2C1F05410018B3E7 /* AppDelegate.h */,
				256E03E02C1F05410018B3E7 /* AppDelegate.m */,
				256E040B2C1F05850018B3E7 /* FilteredTextField.h */,
				256E040C2C1F05850018B3E7 /* FilteredTextField.m */,
				256E03E22C1F05420018B3E7 /* Assets.xcassets */,
				256E03E42C1F05420018B3E7 /* MainMenu.xib */,
				256E03E72C1F05420018B3E7 /* main.m */,
				256E03E92C1F05420018B3E7 /* FilteredTextField.entitlements */,
			);
			path = FilteredTextField;
			sourceTree = "<group>";
		};
		256E03F12C1F05420018B3E7 /* FilteredTextFieldTests */ = {
			isa = PBXGroup;
			children = (
				256E03F22C1F05420018B3E7 /* FilteredTextFieldTests.m */,
			);
			path = FilteredTextFieldTests;
			sourceTree = "<group>";
		};
		256E03FB2C1F05420018B3E7 /* FilteredTextFieldUITests */ = {
			isa = PBXGroup;
			children = (
				256E03FC2C1F05420018B3E7 /* FilteredTextFieldUITests.m */,
				256E03FE2C1F05420018B3E7 /* FilteredTextFieldUITestsLaunchTests.m */,
			);
			path = FilteredTextFieldUITests;
			sourceTree = "<group>";
		};
/* End PBXGroup section */

/* Begin PBXNativeTarget section */
		256E03DB2C1F05410018B3E7 /* FilteredTextField */ = {
			isa = PBXNativeTarget;
			buildConfigurationList = 256E04022C1F05420018B3E7 /* Build configuration list for PBXNativeTarget "FilteredTextField" */;
			buildPhases = (
				256E03D82C1F05410018B3E7 /* Sources */,
				256E03D92C1F05410018B3E7 /* Frameworks */,
				256E03DA2C1F05410018B3E7 /* Resources */,
			);
			buildRules = (
			);
			dependencies = (
			);
			name = FilteredTextField;
			productName = FilteredTextField;
			productReference = 256E03DC2C1F05410018B3E7 /* FilteredTextField.app */;
			productType = "com.apple.product-type.application";
		};
		256E03ED2C1F05420018B3E7 /* FilteredTextFieldTests */ = {
			isa = PBXNativeTarget;
			buildConfigurationList = 256E04052C1F05420018B3E7 /* Build configuration list for PBXNativeTarget "FilteredTextFieldTests" */;
			buildPhases = (
				256E03EA2C1F05420018B3E7 /* Sources */,
				256E03EB2C1F05420018B3E7 /* Frameworks */,
				256E03EC2C1F05420018B3E7 /* Resources */,
			);
			buildRules = (
			);
			dependencies = (
				256E03F02C1F05420018B3E7 /* PBXTargetDependency */,
			);
			name = FilteredTextFieldTests;
			productName = FilteredTextFieldTests;
			productReference = 256E03EE2C1F05420018B3E7 /* FilteredTextFieldTests.xctest */;
			productType = "com.apple.product-type.bundle.unit-test";
		};
		256E03F72C1F05420018B3E7 /* FilteredTextFieldUITests */ = {
			isa = PBXNativeTarget;
			buildConfigurationList = 256E04082C1F05420018B3E7 /* Build configuration list for PBXNativeTarget "FilteredTextFieldUITests" */;
			buildPhases = (
				256E03F42C1F05420018B3E7 /* Sources */,
				256E03F52C1F05420018B3E7 /* Frameworks */,
				256E03F62C1F05420018B3E7 /* Resources */,
			);
			buildRules = (
			);
			dependencies = (
				256E03FA2C1F05420018B3E7 /* PBXTargetDependency */,
			);
			name = FilteredTextFieldUITests;
			productName = FilteredTextFieldUITests;
			productReference = 256E03F82C1F05420018B3E7 /* FilteredTextFieldUITests.xctest */;
			productType = "com.apple.product-type.bundle.ui-testing";
		};
/* End PBXNativeTarget section */

/* Begin PBXProject section */
		256E03D42C1F05410018B3E7 /* Project object */ = {
			isa = PBXProject;
			attributes = {
				BuildIndependentTargetsInParallel = 1;
				LastUpgradeCheck = 1530;
				TargetAttributes = {
					256E03DB2C1F05410018B3E7 = {
						CreatedOnToolsVersion = 15.3;
					};
					256E03ED2C1F05420018B3E7 = {
						CreatedOnToolsVersion = 15.3;
						TestTargetID = 256E03DB2C1F05410018B3E7;
					};
					256E03F72C1F05420018B3E7 = {
						CreatedOnToolsVersion = 15.3;
						TestTargetID = 256E03DB2C1F05410018B3E7;
					};
				};
			};
			buildConfigurationList = 256E03D72C1F05410018B3E7 /* Build configuration list for PBXProject "FilteredTextField" */;
			compatibilityVersion = "Xcode 14.0";
			developmentRegion = en;
			hasScannedForEncodings = 0;
			knownRegions = (
				en,
				Base,
			);
			mainGroup = 256E03D32C1F05410018B3E7;
			productRefGroup = 256E03DD2C1F05410018B3E7 /* Products */;
			projectDirPath = "";
			projectRoot = "";
			targets = (
				256E03DB2C1F05410018B3E7 /* FilteredTextField */,
				256E03ED2C1F05420018B3E7 /* FilteredTextFieldTests */,
				256E03F72C1F05420018B3E7 /* FilteredTextFieldUITests */,
			);
		};
/* End PBXProject section */

/* Begin PBXResourcesBuildPhase section */
		256E03DA2C1F05410018B3E7 /* Resources */ = {
			isa = PBXResourcesBuildPhase;
			buildActionMask = 2147483647;
			files = (
				256E03E32C1F05420018B3E7 /* Assets.xcassets in Resources */,
				256E03E62C1F05420018B3E7 /* Base in Resources */,
			);
			runOnlyForDeploymentPostprocessing = 0;
		};
		256E03EC2C1F05420018B3E7 /* Resources */ = {
			isa = PBXResourcesBuildPhase;
			buildActionMask = 2147483647;
			files = (
			);
			runOnlyForDeploymentPostprocessing = 0;
		};
		256E03F62C1F05420018B3E7 /* Resources */ = {
			isa = PBXResourcesBuildPhase;
			buildActionMask = 2147483647;
			files = (
			);
			runOnlyForDeploymentPostprocessing = 0;
		};
/* End PBXResourcesBuildPhase section */

/* Begin PBXSourcesBuildPhase section */
		256E03D82C1F05410018B3E7 /* Sources */ = {
			isa = PBXSourcesBuildPhase;
			buildActionMask = 2147483647;
			files = (
				256E03E82C1F05420018B3E7 /* main.m in Sources */,
				256E040D2C1F05850018B3E7 /* FilteredTextField.m in Sources */,
				256E03E12C1F05410018B3E7 /* AppDelegate.m in Sources */,
			);
			runOnlyForDeploymentPostprocessing = 0;
		};
		256E03EA2C1F05420018B3E7 /* Sources */ = {
			isa = PBXSourcesBuildPhase;
			buildActionMask = 2147483647;
			files = (
				256E03F32C1F05420018B3E7 /* FilteredTextFieldTests.m in Sources */,
			);
			runOnlyForDeploymentPostprocessing = 0;
		};
		256E03F42C1F05420018B3E7 /* Sources */ = {
			isa = PBXSourcesBuildPhase;
			buildActionMask = 2147483647;
			files = (
				256E03FD2C1F05420018B3E7 /* FilteredTextFieldUITests.m in Sources */,
				256E03FF2C1F05420018B3E7 /* FilteredTextFieldUITestsLaunchTests.m in Sources */,
			);
			runOnlyForDeploymentPostprocessing = 0;
		};
/* End PBXSourcesBuildPhase section */

/* Begin PBXTargetDependency section */
		256E03F02C1F05420018B3E7 /* PBXTargetDependency */ = {
			isa = PBXTargetDependency;
			target = 256E03DB2C1F05410018B3E7 /* FilteredTextField */;
			targetProxy = 256E03EF2C1F05420018B3E7 /* PBXContainerItemProxy */;
		};
		256E03FA2C1F05420018B3E7 /* PBXTargetDependency */ = {
			isa = PBXTargetDependency;
			target = 256E03DB2C1F05410018B3E7 /* FilteredTextField */;
			targetProxy = 256E03F92C1F05420018B3E7 /* PBXContainerItemProxy */;
		};
/* End PBXTargetDependency section */

/* Begin PBXVariantGroup section */
		256E03E42C1F05420018B3E7 /* MainMenu.xib */ = {
			isa = PBXVariantGroup;
			children = (
				256E03E52C1F05420018B3E7 /* Base */,
			);
			name = MainMenu.xib;
			sourceTree = "<group>";
		};
/* End PBXVariantGroup section */

/* Begin XCBuildConfiguration section */
		256E04002C1F05420018B3E7 /* Debug */ = {
			isa = XCBuildConfiguration;
			buildSettings = {
				ALWAYS_SEARCH_USER_PATHS = NO;
				ASSETCATALOG_COMPILER_GENERATE_SWIFT_ASSET_SYMBOL_EXTENSIONS = YES;
				CLANG_ANALYZER_NONNULL = YES;
				CLANG_ANALYZER_NUMBER_OBJECT_CONVERSION = YES_AGGRESSIVE;
				CLANG_CXX_LANGUAGE_STANDARD = "gnu++20";
				CLANG_ENABLE_MODULES = YES;
				CLANG_ENABLE_OBJC_ARC = YES;
				CLANG_ENABLE_OBJC_WEAK = YES;
				CLANG_WARN_BLOCK_CAPTURE_AUTORELEASING = YES;
				CLANG_WARN_BOOL_CONVERSION = YES;
				CLANG_WARN_COMMA = YES;
				CLANG_WARN_CONSTANT_CONVERSION = YES;
				CLANG_WARN_DEPRECATED_OBJC_IMPLEMENTATIONS = YES;
				CLANG_WARN_DIRECT_OBJC_ISA_USAGE = YES_ERROR;
				CLANG_WARN_DOCUMENTATION_COMMENTS = YES;
				CLANG_WARN_EMPTY_BODY = YES;
				CLANG_WARN_ENUM_CONVERSION = YES;
				CLANG_WARN_INFINITE_RECURSION = YES;
				CLANG_WARN_INT_CONVERSION = YES;
				CLANG_WARN_NON_LITERAL_NULL_CONVERSION = YES;
				CLANG_WARN_OBJC_IMPLICIT_RETAIN_SELF = YES;
				CLANG_WARN_OBJC_LITERAL_CONVERSION = YES;
				CLANG_WARN_OBJC_ROOT_CLASS = YES_ERROR;
				CLANG_WARN_QUOTED_INCLUDE_IN_FRAMEWORK_HEADER = YES;
				CLANG_WARN_RANGE_LOOP_ANALYSIS = YES;
				CLANG_WARN_STRICT_PROTOTYPES = YES;
				CLANG_WARN_SUSPICIOUS_MOVE = YES;
				CLANG_WARN_UNGUARDED_AVAILABILITY = YES_AGGRESSIVE;
				CLANG_WARN_UNREACHABLE_CODE = YES;
				CLANG_WARN__DUPLICATE_METHOD_MATCH = YES;
				COPY_PHASE_STRIP = NO;
				DEBUG_INFORMATION_FORMAT = dwarf;
				ENABLE_STRICT_OBJC_MSGSEND = YES;
				ENABLE_TESTABILITY = YES;
				ENABLE_USER_SCRIPT_SANDBOXING = YES;
				GCC_C_LANGUAGE_STANDARD = gnu17;
				GCC_DYNAMIC_NO_PIC = NO;
				GCC_NO_COMMON_BLOCKS = YES;
				GCC_OPTIMIZATION_LEVEL = 0;
				GCC_PREPROCESSOR_DEFINITIONS = (
					"DEBUG=1",
					"$(inherited)",
				);
				GCC_WARN_64_TO_32_BIT_CONVERSION = YES;
				GCC_WARN_ABOUT_RETURN_TYPE = YES_ERROR;
				GCC_WARN_UNDECLARED_SELECTOR = YES;
				GCC_WARN_UNINITIALIZED_AUTOS = YES_AGGRESSIVE;
				GCC_WARN_UNUSED_FUNCTION = YES;
				GCC_WARN_UNUSED_VARIABLE = YES;
				LOCALIZATION_PREFERS_STRING_CATALOGS = YES;
				MACOSX_DEPLOYMENT_TARGET = 14.4;
				MTL_ENABLE_DEBUG_INFO = INCLUDE_SOURCE;
				MTL_FAST_MATH = YES;
				ONLY_ACTIVE_ARCH = YES;
				SDKROOT = macosx;
			};
			name = Debug;
		};
		256E04012C1F05420018B3E7 /* Release */ = {
			isa = XCBuildConfiguration;
			buildSettings = {
				ALWAYS_SEARCH_USER_PATHS = NO;
				ASSETCATALOG_COMPILER_GENERATE_SWIFT_ASSET_SYMBOL_EXTENSIONS = YES;
				CLANG_ANALYZER_NONNULL = YES;
				CLANG_ANALYZER_NUMBER_OBJECT_CONVERSION = YES_AGGRESSIVE;
				CLANG_CXX_LANGUAGE_STANDARD = "gnu++20";
				CLANG_ENABLE_MODULES = YES;
				CLANG_ENABLE_OBJC_ARC = YES;
				CLANG_ENABLE_OBJC_WEAK = YES;
				CLANG_WARN_BLOCK_CAPTURE_AUTORELEASING = YES;
				CLANG_WARN_BOOL_CONVERSION = YES;
				CLANG_WARN_COMMA = YES;
				CLANG_WARN_CONSTANT_CONVERSION = YES;
				CLANG_WARN_DEPRECATED_OBJC_IMPLEMENTATIONS = YES;
				CLANG_WARN_DIRECT_OBJC_ISA_USAGE = YES_ERROR;
				CLANG_WARN_DOCUMENTATION_COMMENTS = YES;
				CLANG_WARN_EMPTY_BODY = YES;
				CLANG_WARN_ENUM_CONVERSION = YES;
				CLANG_WARN_INFINITE_RECURSION = YES;
				CLANG_WARN_INT_CONVERSION = YES;
				CLANG_WARN_NON_LITERAL_NULL_CONVERSION = YES;
				CLANG_WARN_OBJC_IMPLICIT_RETAIN_SELF = YES;
				CLANG_WARN_OBJC_LITERAL_CONVERSION = YES;
				CLANG_WARN_OBJC_ROOT_CLASS = YES_ERROR;
				CLANG_WARN_QUOTED_INCLUDE_IN_FRAMEWORK_HEADER = YES;
				CLANG_WARN_RANGE_LOOP_ANALYSIS = YES;
				CLANG_WARN_STRICT_PROTOTYPES = YES;
				CLANG_WARN_SUSPICIOUS_MOVE = YES;
				CLANG_WARN_UNGUARDED_AVAILABILITY = YES_AGGRESSIVE;
				CLANG_WARN_UNREACHABLE_CODE = YES;
				CLANG_WARN__DUPLICATE_METHOD_MATCH = YES;
				COPY_PHASE_STRIP = NO;
				DEBUG_INFORMATION_FORMAT = "dwarf-with-dsym";
				ENABLE_NS_ASSERTIONS = NO;
				ENABLE_STRICT_OBJC_MSGSEND = YES;
				ENABLE_USER_SCRIPT_SANDBOXING = YES;
				GCC_C_LANGUAGE_STANDARD = gnu17;
				GCC_NO_COMMON_BLOCKS = YES;
				GCC_WARN_64_TO_32_BIT_CONVERSION = YES;
				GCC_WARN_ABOUT_RETURN_TYPE = YES_ERROR;
				GCC_WARN_UNDECLARED_SELECTOR = YES;
				GCC_WARN_UNINITIALIZED_AUTOS = YES_AGGRESSIVE;
				GCC_WARN_UNUSED_FUNCTION = YES;
				GCC_WARN_UNUSED_VARIABLE = YES;
				LOCALIZATION_PREFERS_STRING_CATALOGS = YES;
				MACOSX_DEPLOYMENT_TARGET = 14.4;
				MTL_ENABLE_DEBUG_INFO = NO;
				MTL_FAST_MATH = YES;
				SDKROOT = macosx;
			};
			name = Release;
		};
		256E04032C1F05420018B3E7 /* Debug */ = {
			isa = XCBuildConfiguration;
			buildSettings = {
				ASSETCATALOG_COMPILER_APPICON_NAME = AppIcon;
				ASSETCATALOG_COMPILER_GLOBAL_ACCENT_COLOR_NAME = AccentColor;
				CODE_SIGN_ENTITLEMENTS = FilteredTextField/FilteredTextField.entitlements;
				CODE_SIGN_STYLE = Automatic;
				COMBINE_HIDPI_IMAGES = YES;
				CURRENT_PROJECT_VERSION = 1;
				GENERATE_INFOPLIST_FILE = YES;
				INFOPLIST_KEY_NSHumanReadableCopyright = "";
				INFOPLIST_KEY_NSMainNibFile = MainMenu;
				INFOPLIST_KEY_NSPrincipalClass = NSApplication;
				LD_RUNPATH_SEARCH_PATHS = (
					"$(inherited)",
					"@executable_path/../Frameworks",
				);
				MACOSX_DEPLOYMENT_TARGET = 10.15;
				MARKETING_VERSION = 1.0;
				PRODUCT_BUNDLE_IDENTIFIER = bhpark.FilteredTextField;
				PRODUCT_NAME = "$(TARGET_NAME)";
				SWIFT_EMIT_LOC_STRINGS = YES;
			};
			name = Debug;
		};
		256E04042C1F05420018B3E7 /* Release */ = {
			isa = XCBuildConfiguration;
			buildSettings = {
				ASSETCATALOG_COMPILER_APPICON_NAME = AppIcon;
				ASSETCATALOG_COMPILER_GLOBAL_ACCENT_COLOR_NAME = AccentColor;
				CODE_SIGN_ENTITLEMENTS = FilteredTextField/FilteredTextField.entitlements;
				CODE_SIGN_STYLE = Automatic;
				COMBINE_HIDPI_IMAGES = YES;
				CURRENT_PROJECT_VERSION = 1;
				GENERATE_INFOPLIST_FILE = YES;
				INFOPLIST_KEY_NSHumanReadableCopyright = "";
				INFOPLIST_KEY_NSMainNibFile = MainMenu;
				INFOPLIST_KEY_NSPrincipalClass = NSApplication;
				LD_RUNPATH_SEARCH_PATHS = (
					"$(inherited)",
					"@executable_path/../Frameworks",
				);
				MACOSX_DEPLOYMENT_TARGET = 10.15;
				MARKETING_VERSION = 1.0;
				PRODUCT_BUNDLE_IDENTIFIER = bhpark.FilteredTextField;
				PRODUCT_NAME = "$(TARGET_NAME)";
				SWIFT_EMIT_LOC_STRINGS = YES;
			};
			name = Release;
		};
		256E04062C1F05420018B3E7 /* Debug */ = {
			isa = XCBuildConfiguration;
			buildSettings = {
				BUNDLE_LOADER = "$(TEST_HOST)";
				CODE_SIGN_STYLE = Automatic;
				CURRENT_PROJECT_VERSION = 1;
				GENERATE_INFOPLIST_FILE = YES;
				MACOSX_DEPLOYMENT_TARGET = 14.4;
				MARKETING_VERSION = 1.0;
				PRODUCT_BUNDLE_IDENTIFIER = bhpark.FilteredTextFieldTests;
				PRODUCT_NAME = "$(TARGET_NAME)";
				SWIFT_EMIT_LOC_STRINGS = NO;
				TEST_HOST = "$(BUILT_PRODUCTS_DIR)/FilteredTextField.app/$(BUNDLE_EXECUTABLE_FOLDER_PATH)/FilteredTextField";
			};
			name = Debug;
		};
		256E04072C1F05420018B3E7 /* Release */ = {
			isa = XCBuildConfiguration;
			buildSettings = {
				BUNDLE_LOADER = "$(TEST_HOST)";
				CODE_SIGN_STYLE = Automatic;
				CURRENT_PROJECT_VERSION = 1;
				GENERATE_INFOPLIST_FILE = YES;
				MACOSX_DEPLOYMENT_TARGET = 14.4;
				MARKETING_VERSION = 1.0;
				PRODUCT_BUNDLE_IDENTIFIER = bhpark.FilteredTextFieldTests;
				PRODUCT_NAME = "$(TARGET_NAME)";
				SWIFT_EMIT_LOC_STRINGS = NO;
				TEST_HOST = "$(BUILT_PRODUCTS_DIR)/FilteredTextField.app/$(BUNDLE_EXECUTABLE_FOLDER_PATH)/FilteredTextField";
			};
			name = Release;
		};
		256E04092C1F05420018B3E7 /* Debug */ = {
			isa = XCBuildConfiguration;
			buildSettings = {
				CODE_SIGN_STYLE = Automatic;
				CURRENT_PROJECT_VERSION = 1;
				GENERATE_INFOPLIST_FILE = YES;
				MARKETING_VERSION = 1.0;
				PRODUCT_BUNDLE_IDENTIFIER = bhpark.FilteredTextFieldUITests;
				PRODUCT_NAME = "$(TARGET_NAME)";
				SWIFT_EMIT_LOC_STRINGS = NO;
				TEST_TARGET_NAME = FilteredTextField;
			};
			name = Debug;
		};
		256E040A2C1F05420018B3E7 /* Release */ = {
			isa = XCBuildConfiguration;
			buildSettings = {
				CODE_SIGN_STYLE = Automatic;
				CURRENT_PROJECT_VERSION = 1;
				GENERATE_INFOPLIST_FILE = YES;
				MARKETING_VERSION = 1.0;
				PRODUCT_BUNDLE_IDENTIFIER = bhpark.FilteredTextFieldUITests;
				PRODUCT_NAME = "$(TARGET_NAME)";
				SWIFT_EMIT_LOC_STRINGS = NO;
				TEST_TARGET_NAME = FilteredTextField;
			};
			name = Release;
		};
/* End XCBuildConfiguration section */

/* Begin XCConfigurationList section */
		256E03D72C1F05410018B3E7 /* Build configuration list for PBXProject "FilteredTextField" */ = {
			isa = XCConfigurationList;
			buildConfigurations = (
				256E04002C1F05420018B3E7 /* Debug */,
				256E04012C1F05420018B3E7 /* Release */,
			);
			defaultConfigurationIsVisible = 0;
			defaultConfigurationName = Release;
		};
		256E04022C1F05420018B3E7 /* Build configuration list for PBXNativeTarget "FilteredTextField" */ = {
			isa = XCConfigurationList;
			buildConfigurations = (
				256E04032C1F05420018B3E7 /* Debug */,
				256E04042C1F05420018B3E7 /* Release */,
			);
			defaultConfigurationIsVisible = 0;
			defaultConfigurationName = Release;
		};
		256E04052C1F05420018B3E7 /* Build configuration list for PBXNativeTarget "FilteredTextFieldTests" */ = {
			isa = XCConfigurationList;
			buildConfigurations = (
				256E04062C1F05420018B3E7 /* Debug */,
				256E04072C1F05420018B3E7 /* Release */,
			);
			defaultConfigurationIsVisible = 0;
			defaultConfigurationName = Release;
		};
		256E04082C1F05420018B3E7 /* Build configuration list for PBXNativeTarget "FilteredTextFieldUITests" */ = {
			isa = XCConfigurationList;
			buildConfigurations = (
				256E04092C1F05420018B3E7 /* Debug */,
				256E040A2C1F05420018B3E7 /* Release */,
			);
			defaultConfigurationIsVisible = 0;
			defaultConfigurationName = Release;
		};
/* End XCConfigurationList section */
	};
	rootObject = 256E03D42C1F05410018B3E7 /* Project object */;
}
