// !$*UTF8*$!
{
	archiveVersion = 1;
	classes = {
	};
	objectVersion = 56;
	objects = {

/* Begin PBXBuildFile section */
		256E049F2C1F2F920018B3E7 /* AppDelegate.m in Sources */ = {isa = PBXBuildFile; fileRef = 256E049E2C1F2F920018B3E7 /* AppDelegate.m */; };
		256E04A12C1F2F940018B3E7 /* Assets.xcassets in Resources */ = {isa = PBXBuildFile; fileRef = 256E04A02C1F2F940018B3E7 /* Assets.xcassets */; };
		256E04A42C1F2F940018B3E7 /* Base in Resources */ = {isa = PBXBuildFile; fileRef = 256E04A32C1F2F940018B3E7 /* Base */; };
		256E04A62C1F2F940018B3E7 /* main.m in Sources */ = {isa = PBXBuildFile; fileRef = 256E04A52C1F2F940018B3E7 /* main.m */; };
		256E04B12C1F2F950018B3E7 /* HideWindowToolBarSampleTests.m in Sources */ = {isa = PBXBuildFile; fileRef = 256E04B02C1F2F950018B3E7 /* HideWindowToolBarSampleTests.m */; };
		256E04BB2C1F2F950018B3E7 /* HideWindowToolBarSampleUITests.m in Sources */ = {isa = PBXBuildFile; fileRef = 256E04BA2C1F2F950018B3E7 /* HideWindowToolBarSampleUITests.m */; };
		256E04BD2C1F2F950018B3E7 /* HideWindowToolBarSampleUITestsLaunchTests.m in Sources */ = {isa = PBXBuildFile; fileRef = 256E04BC2C1F2F950018B3E7 /* HideWindowToolBarSampleUITestsLaunchTests.m */; };
/* End PBXBuildFile section */

/* Begin PBXContainerItemProxy section */
		256E04AD2C1F2F950018B3E7 /* PBXContainerItemProxy */ = {
			isa = PBXContainerItemProxy;
			containerPortal = 256E04922C1F2F920018B3E7 /* Project object */;
			proxyType = 1;
			remoteGlobalIDString = 256E04992C1F2F920018B3E7;
			remoteInfo = HideWindowToolBarSample;
		};
		256E04B72C1F2F950018B3E7 /* PBXContainerItemProxy */ = {
			isa = PBXContainerItemProxy;
			containerPortal = 256E04922C1F2F920018B3E7 /* Project object */;
			proxyType = 1;
			remoteGlobalIDString = 256E04992C1F2F920018B3E7;
			remoteInfo = HideWindowToolBarSample;
		};
/* End PBXContainerItemProxy section */

/* Begin PBXFileReference section */
		256E049A2C1F2F920018B3E7 /* HideWindowToolBarSample.app */ = {isa = PBXFileReference; explicitFileType = wrapper.application; includeInIndex = 0; path = HideWindowToolBarSample.app; sourceTree = BUILT_PRODUCTS_DIR; };
		256E049D2C1F2F920018B3E7 /* AppDelegate.h */ = {isa = PBXFileReference; lastKnownFileType = sourcecode.c.h; path = AppDelegate.h; sourceTree = "<group>"; };
		256E049E2C1F2F920018B3E7 /* AppDelegate.m */ = {isa = PBXFileReference; lastKnownFileType = sourcecode.c.objc; path = AppDelegate.m; sourceTree = "<group>"; };
		256E04A02C1F2F940018B3E7 /* Assets.xcassets */ = {isa = PBXFileReference; lastKnownFileType = folder.assetcatalog; path = Assets.xcassets; sourceTree = "<group>"; };
		256E04A32C1F2F940018B3E7 /* Base */ = {isa = PBXFileReference; lastKnownFileType = file.xib; name = Base; path = Base.lproj/MainMenu.xib; sourceTree = "<group>"; };
		256E04A52C1F2F940018B3E7 /* main.m */ = {isa = PBXFileReference; lastKnownFileType = sourcecode.c.objc; path = main.m; sourceTree = "<group>"; };
		256E04A72C1F2F940018B3E7 /* HideWindowToolBarSample.entitlements */ = {isa = PBXFileReference; lastKnownFileType = text.plist.entitlements; path = HideWindowToolBarSample.entitlements; sourceTree = "<group>"; };
		256E04AC2C1F2F950018B3E7 /* HideWindowToolBarSampleTests.xctest */ = {isa = PBXFileReference; explicitFileType = wrapper.cfbundle; includeInIndex = 0; path = HideWindowToolBarSampleTests.xctest; sourceTree = BUILT_PRODUCTS_DIR; };
		256E04B02C1F2F950018B3E7 /* HideWindowToolBarSampleTests.m */ = {isa = PBXFileReference; lastKnownFileType = sourcecode.c.objc; path = HideWindowToolBarSampleTests.m; sourceTree = "<group>"; };
		256E04B62C1F2F950018B3E7 /* HideWindowToolBarSampleUITests.xctest */ = {isa = PBXFileReference; explicitFileType = wrapper.cfbundle; includeInIndex = 0; path = HideWindowToolBarSampleUITests.xctest; sourceTree = BUILT_PRODUCTS_DIR; };
		256E04BA2C1F2F950018B3E7 /* HideWindowToolBarSampleUITests.m */ = {isa = PBXFileReference; lastKnownFileType = sourcecode.c.objc; path = HideWindowToolBarSampleUITests.m; sourceTree = "<group>"; };
		256E04BC2C1F2F950018B3E7 /* HideWindowToolBarSampleUITestsLaunchTests.m */ = {isa = PBXFileReference; lastKnownFileType = sourcecode.c.objc; path = HideWindowToolBarSampleUITestsLaunchTests.m; sourceTree = "<group>"; };
/* End PBXFileReference section */

/* Begin PBXFrameworksBuildPhase section */
		256E04972C1F2F920018B3E7 /* Frameworks */ = {
			isa = PBXFrameworksBuildPhase;
			buildActionMask = 2147483647;
			files = (
			);
			runOnlyForDeploymentPostprocessing = 0;
		};
		256E04A92C1F2F950018B3E7 /* Frameworks */ = {
			isa = PBXFrameworksBuildPhase;
			buildActionMask = 2147483647;
			files = (
			);
			runOnlyForDeploymentPostprocessing = 0;
		};
		256E04B32C1F2F950018B3E7 /* Frameworks */ = {
			isa = PBXFrameworksBuildPhase;
			buildActionMask = 2147483647;
			files = (
			);
			runOnlyForDeploymentPostprocessing = 0;
		};
/* End PBXFrameworksBuildPhase section */

/* Begin PBXGroup section */
		256E04912C1F2F920018B3E7 = {
			isa = PBXGroup;
			children = (
				256E049C2C1F2F920018B3E7 /* HideWindowToolBarSample */,
				256E04AF2C1F2F950018B3E7 /* HideWindowToolBarSampleTests */,
				256E04B92C1F2F950018B3E7 /* HideWindowToolBarSampleUITests */,
				256E049B2C1F2F920018B3E7 /* Products */,
			);
			sourceTree = "<group>";
		};
		256E049B2C1F2F920018B3E7 /* Products */ = {
			isa = PBXGroup;
			children = (
				256E049A2C1F2F920018B3E7 /* HideWindowToolBarSample.app */,
				256E04AC2C1F2F950018B3E7 /* HideWindowToolBarSampleTests.xctest */,
				256E04B62C1F2F950018B3E7 /* HideWindowToolBarSampleUITests.xctest */,
			);
			name = Products;
			sourceTree = "<group>";
		};
		256E049C2C1F2F920018B3E7 /* HideWindowToolBarSample */ = {
			isa = PBXGroup;
			children = (
				256E049D2C1F2F920018B3E7 /* AppDelegate.h */,
				256E049E2C1F2F920018B3E7 /* AppDelegate.m */,
				256E04A02C1F2F940018B3E7 /* Assets.xcassets */,
				256E04A22C1F2F940018B3E7 /* MainMenu.xib */,
				256E04A52C1F2F940018B3E7 /* main.m */,
				256E04A72C1F2F940018B3E7 /* HideWindowToolBarSample.entitlements */,
			);
			path = HideWindowToolBarSample;
			sourceTree = "<group>";
		};
		256E04AF2C1F2F950018B3E7 /* HideWindowToolBarSampleTests */ = {
			isa = PBXGroup;
			children = (
				256E04B02C1F2F950018B3E7 /* HideWindowToolBarSampleTests.m */,
			);
			path = HideWindowToolBarSampleTests;
			sourceTree = "<group>";
		};
		256E04B92C1F2F950018B3E7 /* HideWindowToolBarSampleUITests */ = {
			isa = PBXGroup;
			children = (
				256E04BA2C1F2F950018B3E7 /* HideWindowToolBarSampleUITests.m */,
				256E04BC2C1F2F950018B3E7 /* HideWindowToolBarSampleUITestsLaunchTests.m */,
			);
			path = HideWindowToolBarSampleUITests;
			sourceTree = "<group>";
		};
/* End PBXGroup section */

/* Begin PBXNativeTarget section */
		256E04992C1F2F920018B3E7 /* HideWindowToolBarSample */ = {
			isa = PBXNativeTarget;
			buildConfigurationList = 256E04C02C1F2F950018B3E7 /* Build configuration list for PBXNativeTarget "HideWindowToolBarSample" */;
			buildPhases = (
				256E04962C1F2F920018B3E7 /* Sources */,
				256E04972C1F2F920018B3E7 /* Frameworks */,
				256E04982C1F2F920018B3E7 /* Resources */,
			);
			buildRules = (
			);
			dependencies = (
			);
			name = HideWindowToolBarSample;
			productName = HideWindowToolBarSample;
			productReference = 256E049A2C1F2F920018B3E7 /* HideWindowToolBarSample.app */;
			productType = "com.apple.product-type.application";
		};
		256E04AB2C1F2F950018B3E7 /* HideWindowToolBarSampleTests */ = {
			isa = PBXNativeTarget;
			buildConfigurationList = 256E04C32C1F2F950018B3E7 /* Build configuration list for PBXNativeTarget "HideWindowToolBarSampleTests" */;
			buildPhases = (
				256E04A82C1F2F950018B3E7 /* Sources */,
				256E04A92C1F2F950018B3E7 /* Frameworks */,
				256E04AA2C1F2F950018B3E7 /* Resources */,
			);
			buildRules = (
			);
			dependencies = (
				256E04AE2C1F2F950018B3E7 /* PBXTargetDependency */,
			);
			name = HideWindowToolBarSampleTests;
			productName = HideWindowToolBarSampleTests;
			productReference = 256E04AC2C1F2F950018B3E7 /* HideWindowToolBarSampleTests.xctest */;
			productType = "com.apple.product-type.bundle.unit-test";
		};
		256E04B52C1F2F950018B3E7 /* HideWindowToolBarSampleUITests */ = {
			isa = PBXNativeTarget;
			buildConfigurationList = 256E04C62C1F2F950018B3E7 /* Build configuration list for PBXNativeTarget "HideWindowToolBarSampleUITests" */;
			buildPhases = (
				256E04B22C1F2F950018B3E7 /* Sources */,
				256E04B32C1F2F950018B3E7 /* Frameworks */,
				256E04B42C1F2F950018B3E7 /* Resources */,
			);
			buildRules = (
			);
			dependencies = (
				256E04B82C1F2F950018B3E7 /* PBXTargetDependency */,
			);
			name = HideWindowToolBarSampleUITests;
			productName = HideWindowToolBarSampleUITests;
			productReference = 256E04B62C1F2F950018B3E7 /* HideWindowToolBarSampleUITests.xctest */;
			productType = "com.apple.product-type.bundle.ui-testing";
		};
/* End PBXNativeTarget section */

/* Begin PBXProject section */
		256E04922C1F2F920018B3E7 /* Project object */ = {
			isa = PBXProject;
			attributes = {
				BuildIndependentTargetsInParallel = 1;
				LastUpgradeCheck = 1530;
				TargetAttributes = {
					256E04992C1F2F920018B3E7 = {
						CreatedOnToolsVersion = 15.3;
					};
					256E04AB2C1F2F950018B3E7 = {
						CreatedOnToolsVersion = 15.3;
						TestTargetID = 256E04992C1F2F920018B3E7;
					};
					256E04B52C1F2F950018B3E7 = {
						CreatedOnToolsVersion = 15.3;
						TestTargetID = 256E04992C1F2F920018B3E7;
					};
				};
			};
			buildConfigurationList = 256E04952C1F2F920018B3E7 /* Build configuration list for PBXProject "HideWindowToolBarSample" */;
			compatibilityVersion = "Xcode 14.0";
			developmentRegion = en;
			hasScannedForEncodings = 0;
			knownRegions = (
				en,
				Base,
			);
			mainGroup = 256E04912C1F2F920018B3E7;
			productRefGroup = 256E049B2C1F2F920018B3E7 /* Products */;
			projectDirPath = "";
			projectRoot = "";
			targets = (
				256E04992C1F2F920018B3E7 /* HideWindowToolBarSample */,
				256E04AB2C1F2F950018B3E7 /* HideWindowToolBarSampleTests */,
				256E04B52C1F2F950018B3E7 /* HideWindowToolBarSampleUITests */,
			);
		};
/* End PBXProject section */

/* Begin PBXResourcesBuildPhase section */
		256E04982C1F2F920018B3E7 /* Resources */ = {
			isa = PBXResourcesBuildPhase;
			buildActionMask = 2147483647;
			files = (
				256E04A12C1F2F940018B3E7 /* Assets.xcassets in Resources */,
				256E04A42C1F2F940018B3E7 /* Base in Resources */,
			);
			runOnlyForDeploymentPostprocessing = 0;
		};
		256E04AA2C1F2F950018B3E7 /* Resources */ = {
			isa = PBXResourcesBuildPhase;
			buildActionMask = 2147483647;
			files = (
			);
			runOnlyForDeploymentPostprocessing = 0;
		};
		256E04B42C1F2F950018B3E7 /* Resources */ = {
			isa = PBXResourcesBuildPhase;
			buildActionMask = 2147483647;
			files = (
			);
			runOnlyForDeploymentPostprocessing = 0;
		};
/* End PBXResourcesBuildPhase section */

/* Begin PBXSourcesBuildPhase section */
		256E04962C1F2F920018B3E7 /* Sources */ = {
			isa = PBXSourcesBuildPhase;
			buildActionMask = 2147483647;
			files = (
				256E04A62C1F2F940018B3E7 /* main.m in Sources */,
				256E049F2C1F2F920018B3E7 /* AppDelegate.m in Sources */,
			);
			runOnlyForDeploymentPostprocessing = 0;
		};
		256E04A82C1F2F950018B3E7 /* Sources */ = {
			isa = PBXSourcesBuildPhase;
			buildActionMask = 2147483647;
			files = (
				256E04B12C1F2F950018B3E7 /* HideWindowToolBarSampleTests.m in Sources */,
			);
			runOnlyForDeploymentPostprocessing = 0;
		};
		256E04B22C1F2F950018B3E7 /* Sources */ = {
			isa = PBXSourcesBuildPhase;
			buildActionMask = 2147483647;
			files = (
				256E04BD2C1F2F950018B3E7 /* HideWindowToolBarSampleUITestsLaunchTests.m in Sources */,
				256E04BB2C1F2F950018B3E7 /* HideWindowToolBarSampleUITests.m in Sources */,
			);
			runOnlyForDeploymentPostprocessing = 0;
		};
/* End PBXSourcesBuildPhase section */

/* Begin PBXTargetDependency section */
		256E04AE2C1F2F950018B3E7 /* PBXTargetDependency */ = {
			isa = PBXTargetDependency;
			target = 256E04992C1F2F920018B3E7 /* HideWindowToolBarSample */;
			targetProxy = 256E04AD2C1F2F950018B3E7 /* PBXContainerItemProxy */;
		};
		256E04B82C1F2F950018B3E7 /* PBXTargetDependency */ = {
			isa = PBXTargetDependency;
			target = 256E04992C1F2F920018B3E7 /* HideWindowToolBarSample */;
			targetProxy = 256E04B72C1F2F950018B3E7 /* PBXContainerItemProxy */;
		};
/* End PBXTargetDependency section */

/* Begin PBXVariantGroup section */
		256E04A22C1F2F940018B3E7 /* MainMenu.xib */ = {
			isa = PBXVariantGroup;
			children = (
				256E04A32C1F2F940018B3E7 /* Base */,
			);
			name = MainMenu.xib;
			sourceTree = "<group>";
		};
/* End PBXVariantGroup section */

/* Begin XCBuildConfiguration section */
		256E04BE2C1F2F950018B3E7 /* Debug */ = {
			isa = XCBuildConfiguration;
			buildSettings = {
				ALWAYS_SEARCH_USER_PATHS = NO;
				ASSETCATALOG_COMPILER_GENERATE_SWIFT_ASSET_SYMBOL_EXTENSIONS = YES;
				CLANG_ANALYZER_NONNULL = YES;
				CLANG_ANALYZER_NUMBER_OBJECT_CONVERSION = YES_AGGRESSIVE;
				CLANG_CXX_LANGUAGE_STANDARD = "gnu++20";
				CLANG_ENABLE_MODULES = YES;
				CLANG_ENABLE_OBJC_ARC = YES;
				CLANG_ENABLE_OBJC_WEAK = YES;
				CLANG_WARN_BLOCK_CAPTURE_AUTORELEASING = YES;
				CLANG_WARN_BOOL_CONVERSION = YES;
				CLANG_WARN_COMMA = YES;
				CLANG_WARN_CONSTANT_CONVERSION = YES;
				CLANG_WARN_DEPRECATED_OBJC_IMPLEMENTATIONS = YES;
				CLANG_WARN_DIRECT_OBJC_ISA_USAGE = YES_ERROR;
				CLANG_WARN_DOCUMENTATION_COMMENTS = YES;
				CLANG_WARN_EMPTY_BODY = YES;
				CLANG_WARN_ENUM_CONVERSION = YES;
				CLANG_WARN_INFINITE_RECURSION = YES;
				CLANG_WARN_INT_CONVERSION = YES;
				CLANG_WARN_NON_LITERAL_NULL_CONVERSION = YES;
				CLANG_WARN_OBJC_IMPLICIT_RETAIN_SELF = YES;
				CLANG_WARN_OBJC_LITERAL_CONVERSION = YES;
				CLANG_WARN_OBJC_ROOT_CLASS = YES_ERROR;
				CLANG_WARN_QUOTED_INCLUDE_IN_FRAMEWORK_HEADER = YES;
				CLANG_WARN_RANGE_LOOP_ANALYSIS = YES;
				CLANG_WARN_STRICT_PROTOTYPES = YES;
				CLANG_WARN_SUSPICIOUS_MOVE = YES;
				CLANG_WARN_UNGUARDED_AVAILABILITY = YES_AGGRESSIVE;
				CLANG_WARN_UNREACHABLE_CODE = YES;
				CLANG_WARN__DUPLICATE_METHOD_MATCH = YES;
				COPY_PHASE_STRIP = NO;
				DEBUG_INFORMATION_FORMAT = dwarf;
				ENABLE_STRICT_OBJC_MSGSEND = YES;
				ENABLE_TESTABILITY = YES;
				ENABLE_USER_SCRIPT_SANDBOXING = YES;
				GCC_C_LANGUAGE_STANDARD = gnu17;
				GCC_DYNAMIC_NO_PIC = NO;
				GCC_NO_COMMON_BLOCKS = YES;
				GCC_OPTIMIZATION_LEVEL = 0;
				GCC_PREPROCESSOR_DEFINITIONS = (
					"DEBUG=1",
					"$(inherited)",
				);
				GCC_WARN_64_TO_32_BIT_CONVERSION = YES;
				GCC_WARN_ABOUT_RETURN_TYPE = YES_ERROR;
				GCC_WARN_UNDECLARED_SELECTOR = YES;
				GCC_WARN_UNINITIALIZED_AUTOS = YES_AGGRESSIVE;
				GCC_WARN_UNUSED_FUNCTION = YES;
				GCC_WARN_UNUSED_VARIABLE = YES;
				LOCALIZATION_PREFERS_STRING_CATALOGS = YES;
				MACOSX_DEPLOYMENT_TARGET = 14.4;
				MTL_ENABLE_DEBUG_INFO = INCLUDE_SOURCE;
				MTL_FAST_MATH = YES;
				ONLY_ACTIVE_ARCH = YES;
				SDKROOT = macosx;
			};
			name = Debug;
		};
		256E04BF2C1F2F950018B3E7 /* Release */ = {
			isa = XCBuildConfiguration;
			buildSettings = {
				ALWAYS_SEARCH_USER_PATHS = NO;
				ASSETCATALOG_COMPILER_GENERATE_SWIFT_ASSET_SYMBOL_EXTENSIONS = YES;
				CLANG_ANALYZER_NONNULL = YES;
				CLANG_ANALYZER_NUMBER_OBJECT_CONVERSION = YES_AGGRESSIVE;
				CLANG_CXX_LANGUAGE_STANDARD = "gnu++20";
				CLANG_ENABLE_MODULES = YES;
				CLANG_ENABLE_OBJC_ARC = YES;
				CLANG_ENABLE_OBJC_WEAK = YES;
				CLANG_WARN_BLOCK_CAPTURE_AUTORELEASING = YES;
				CLANG_WARN_BOOL_CONVERSION = YES;
				CLANG_WARN_COMMA = YES;
				CLANG_WARN_CONSTANT_CONVERSION = YES;
				CLANG_WARN_DEPRECATED_OBJC_IMPLEMENTATIONS = YES;
				CLANG_WARN_DIRECT_OBJC_ISA_USAGE = YES_ERROR;
				CLANG_WARN_DOCUMENTATION_COMMENTS = YES;
				CLANG_WARN_EMPTY_BODY = YES;
				CLANG_WARN_ENUM_CONVERSION = YES;
				CLANG_WARN_INFINITE_RECURSION = YES;
				CLANG_WARN_INT_CONVERSION = YES;
				CLANG_WARN_NON_LITERAL_NULL_CONVERSION = YES;
				CLANG_WARN_OBJC_IMPLICIT_RETAIN_SELF = YES;
				CLANG_WARN_OBJC_LITERAL_CONVERSION = YES;
				CLANG_WARN_OBJC_ROOT_CLASS = YES_ERROR;
				CLANG_WARN_QUOTED_INCLUDE_IN_FRAMEWORK_HEADER = YES;
				CLANG_WARN_RANGE_LOOP_ANALYSIS = YES;
				CLANG_WARN_STRICT_PROTOTYPES = YES;
				CLANG_WARN_SUSPICIOUS_MOVE = YES;
				CLANG_WARN_UNGUARDED_AVAILABILITY = YES_AGGRESSIVE;
				CLANG_WARN_UNREACHABLE_CODE = YES;
				CLANG_WARN__DUPLICATE_METHOD_MATCH = YES;
				COPY_PHASE_STRIP = NO;
				DEBUG_INFORMATION_FORMAT = "dwarf-with-dsym";
				ENABLE_NS_ASSERTIONS = NO;
				ENABLE_STRICT_OBJC_MSGSEND = YES;
				ENABLE_USER_SCRIPT_SANDBOXING = YES;
				GCC_C_LANGUAGE_STANDARD = gnu17;
				GCC_NO_COMMON_BLOCKS = YES;
				GCC_WARN_64_TO_32_BIT_CONVERSION = YES;
				GCC_WARN_ABOUT_RETURN_TYPE = YES_ERROR;
				GCC_WARN_UNDECLARED_SELECTOR = YES;
				GCC_WARN_UNINITIALIZED_AUTOS = YES_AGGRESSIVE;
				GCC_WARN_UNUSED_FUNCTION = YES;
				GCC_WARN_UNUSED_VARIABLE = YES;
				LOCALIZATION_PREFERS_STRING_CATALOGS = YES;
				MACOSX_DEPLOYMENT_TARGET = 14.4;
				MTL_ENABLE_DEBUG_INFO = NO;
				MTL_FAST_MATH = YES;
				SDKROOT = macosx;
			};
			name = Release;
		};
		256E04C12C1F2F950018B3E7 /* Debug */ = {
			isa = XCBuildConfiguration;
			buildSettings = {
				ASSETCATALOG_COMPILER_APPICON_NAME = AppIcon;
				ASSETCATALOG_COMPILER_GLOBAL_ACCENT_COLOR_NAME = AccentColor;
				CODE_SIGN_ENTITLEMENTS = HideWindowToolBarSample/HideWindowToolBarSample.entitlements;
				CODE_SIGN_STYLE = Automatic;
				COMBINE_HIDPI_IMAGES = YES;
				CURRENT_PROJECT_VERSION = 1;
				GENERATE_INFOPLIST_FILE = YES;
				INFOPLIST_KEY_NSHumanReadableCopyright = "";
				INFOPLIST_KEY_NSMainNibFile = MainMenu;
				INFOPLIST_KEY_NSPrincipalClass = NSApplication;
				LD_RUNPATH_SEARCH_PATHS = (
					"$(inherited)",
					"@executable_path/../Frameworks",
				);
				MARKETING_VERSION = 1.0;
				PRODUCT_BUNDLE_IDENTIFIER = bhpark.HideWindowToolBarSample;
				PRODUCT_NAME = "$(TARGET_NAME)";
				SWIFT_EMIT_LOC_STRINGS = YES;
			};
			name = Debug;
		};
		256E04C22C1F2F950018B3E7 /* Release */ = {
			isa = XCBuildConfiguration;
			buildSettings = {
				ASSETCATALOG_COMPILER_APPICON_NAME = AppIcon;
				ASSETCATALOG_COMPILER_GLOBAL_ACCENT_COLOR_NAME = AccentColor;
				CODE_SIGN_ENTITLEMENTS = HideWindowToolBarSample/HideWindowToolBarSample.entitlements;
				CODE_SIGN_STYLE = Automatic;
				COMBINE_HIDPI_IMAGES = YES;
				CURRENT_PROJECT_VERSION = 1;
				GENERATE_INFOPLIST_FILE = YES;
				INFOPLIST_KEY_NSHumanReadableCopyright = "";
				INFOPLIST_KEY_NSMainNibFile = MainMenu;
				INFOPLIST_KEY_NSPrincipalClass = NSApplication;
				LD_RUNPATH_SEARCH_PATHS = (
					"$(inherited)",
					"@executable_path/../Frameworks",
				);
				MARKETING_VERSION = 1.0;
				PRODUCT_BUNDLE_IDENTIFIER = bhpark.HideWindowToolBarSample;
				PRODUCT_NAME = "$(TARGET_NAME)";
				SWIFT_EMIT_LOC_STRINGS = YES;
			};
			name = Release;
		};
		256E04C42C1F2F950018B3E7 /* Debug */ = {
			isa = XCBuildConfiguration;
			buildSettings = {
				BUNDLE_LOADER = "$(TEST_HOST)";
				CODE_SIGN_STYLE = Automatic;
				CURRENT_PROJECT_VERSION = 1;
				GENERATE_INFOPLIST_FILE = YES;
				MACOSX_DEPLOYMENT_TARGET = 14.4;
				MARKETING_VERSION = 1.0;
				PRODUCT_BUNDLE_IDENTIFIER = bhpark.HideWindowToolBarSampleTests;
				PRODUCT_NAME = "$(TARGET_NAME)";
				SWIFT_EMIT_LOC_STRINGS = NO;
				TEST_HOST = "$(BUILT_PRODUCTS_DIR)/HideWindowToolBarSample.app/$(BUNDLE_EXECUTABLE_FOLDER_PATH)/HideWindowToolBarSample";
			};
			name = Debug;
		};
		256E04C52C1F2F950018B3E7 /* Release */ = {
			isa = XCBuildConfiguration;
			buildSettings = {
				BUNDLE_LOADER = "$(TEST_HOST)";
				CODE_SIGN_STYLE = Automatic;
				CURRENT_PROJECT_VERSION = 1;
				GENERATE_INFOPLIST_FILE = YES;
				MACOSX_DEPLOYMENT_TARGET = 14.4;
				MARKETING_VERSION = 1.0;
				PRODUCT_BUNDLE_IDENTIFIER = bhpark.HideWindowToolBarSampleTests;
				PRODUCT_NAME = "$(TARGET_NAME)";
				SWIFT_EMIT_LOC_STRINGS = NO;
				TEST_HOST = "$(BUILT_PRODUCTS_DIR)/HideWindowToolBarSample.app/$(BUNDLE_EXECUTABLE_FOLDER_PATH)/HideWindowToolBarSample";
			};
			name = Release;
		};
		256E04C72C1F2F950018B3E7 /* Debug */ = {
			isa = XCBuildConfiguration;
			buildSettings = {
				CODE_SIGN_STYLE = Automatic;
				CURRENT_PROJECT_VERSION = 1;
				GENERATE_INFOPLIST_FILE = YES;
				MARKETING_VERSION = 1.0;
				PRODUCT_BUNDLE_IDENTIFIER = bhpark.HideWindowToolBarSampleUITests;
				PRODUCT_NAME = "$(TARGET_NAME)";
				SWIFT_EMIT_LOC_STRINGS = NO;
				TEST_TARGET_NAME = HideWindowToolBarSample;
			};
			name = Debug;
		};
		256E04C82C1F2F950018B3E7 /* Release */ = {
			isa = XCBuildConfiguration;
			buildSettings = {
				CODE_SIGN_STYLE = Automatic;
				CURRENT_PROJECT_VERSION = 1;
				GENERATE_INFOPLIST_FILE = YES;
				MARKETING_VERSION = 1.0;
				PRODUCT_BUNDLE_IDENTIFIER = bhpark.HideWindowToolBarSampleUITests;
				PRODUCT_NAME = "$(TARGET_NAME)";
				SWIFT_EMIT_LOC_STRINGS = NO;
				TEST_TARGET_NAME = HideWindowToolBarSample;
			};
			name = Release;
		};
/* End XCBuildConfiguration section */

/* Begin XCConfigurationList section */
		256E04952C1F2F920018B3E7 /* Build configuration list for PBXProject "HideWindowToolBarSample" */ = {
			isa = XCConfigurationList;
			buildConfigurations = (
				256E04BE2C1F2F950018B3E7 /* Debug */,
				256E04BF2C1F2F950018B3E7 /* Release */,
			);
			defaultConfigurationIsVisible = 0;
			defaultConfigurationName = Release;
		};
		256E04C02C1F2F950018B3E7 /* Build configuration list for PBXNativeTarget "HideWindowToolBarSample" */ = {
			isa = XCConfigurationList;
			buildConfigurations = (
				256E04C12C1F2F950018B3E7 /* Debug */,
				256E04C22C1F2F950018B3E7 /* Release */,
			);
			defaultConfigurationIsVisible = 0;
			defaultConfigurationName = Release;
		};
		256E04C32C1F2F950018B3E7 /* Build configuration list for PBXNativeTarget "HideWindowToolBarSampleTests" */ = {
			isa = XCConfigurationList;
			buildConfigurations = (
				256E04C42C1F2F950018B3E7 /* Debug */,
				256E04C52C1F2F950018B3E7 /* Release */,
			);
			defaultConfigurationIsVisible = 0;
			defaultConfigurationName = Release;
		};
		256E04C62C1F2F950018B3E7 /* Build configuration list for PBXNativeTarget "HideWindowToolBarSampleUITests" */ = {
			isa = XCConfigurationList;
			buildConfigurations = (
				256E04C72C1F2F950018B3E7 /* Debug */,
				256E04C82C1F2F950018B3E7 /* Release */,
			);
			defaultConfigurationIsVisible = 0;
			defaultConfigurationName = Release;
		};
/* End XCConfigurationList section */
	};
	rootObject = 256E04922C1F2F920018B3E7 /* Project object */;
}
